
Microsoft Visual Studio Solution File, Format Version 12.00
# Visual Studio Version 17
VisualStudioVersion = 17.14.36616.10 d17.14
MinimumVisualStudioVersion = 10.0.40219.1
Project("{FAE04EC0-301F-11D3-BF4B-00C04F79EFBC}") = "loggerApplication", "loggerApplication\loggerApplication.csproj", "{A3EF4F65-9895-4436-ADE7-D6A72F2C4C2C}"
EndProject
Global
	GlobalSection(SolutionConfigurationPlatforms) = preSolution
		Debug|Any CPU = Debug|Any CPU
		Release|Any CPU = Release|Any CPU
	EndGlobalSection
	GlobalSection(ProjectConfigurationPlatforms) = postSolution
		{A3EF4F65-9895-4436-ADE7-D6A72F2C4C2C}.Debug|Any CPU.ActiveCfg = Debug|Any CPU
		{A3EF4F65-9895-4436-ADE7-D6A72F2C4C2C}.Debug|Any CPU.Build.0 = Debug|Any CPU
		{A3EF4F65-9895-4436-ADE7-D6A72F2C4C2C}.Release|Any CPU.ActiveCfg = Release|Any CPU
		{A3EF4F65-9895-4436-ADE7-D6A72F2C4C2C}.Release|Any CPU.Build.0 = Release|Any CPU
	EndGlobalSection
	GlobalSection(SolutionProperties) = preSolution
		HideSolutionNode = FALSE
	EndGlobalSection
	GlobalSection(ExtensibilityGlobals) = postSolution
		SolutionGuid = {ECEE6D78-4FDE-4B83-B721-FAF44A05AA09}
	EndGlobalSection
EndGlobal
